
Microsoft Visual Studio Solution File, Format Version 12.00
# Visual Studio Version 17
VisualStudioVersion = 17.2.32519.379
MinimumVisualStudioVersion = 10.0.40219.1
Project("{888888A0-9F3D-457C-B088-3A5042F75D52}") = "DemographicsCalc", "DemographicsCalc.pyproj", "{C2ED632A-D7CD-45E5-B129-5EBA8C155D12}"
EndProject
Global
	GlobalSection(SolutionConfigurationPlatforms) = preSolution
		Debug|Any CPU = Debug|Any CPU
		Release|Any CPU = Release|Any CPU
	EndGlobalSection
	GlobalSection(ProjectConfigurationPlatforms) = postSolution
		{C2ED632A-D7CD-45E5-B129-5EBA8C155D12}.Debug|Any CPU.ActiveCfg = Debug|Any CPU
		{C2ED632A-D7CD-45E5-B129-5EBA8C155D12}.Release|Any CPU.ActiveCfg = Release|Any CPU
	EndGlobalSection
	GlobalSection(SolutionProperties) = preSolution
		HideSolutionNode = FALSE
	EndGlobalSection
	GlobalSection(ExtensibilityGlobals) = postSolution
		SolutionGuid = {C714B378-8640-4B19-855C-E2A312B8817A}
	EndGlobalSection
EndGlobal
